
Microsoft Visual Studio Solution File, Format Version 12.00
# Visual Studio Version 17
VisualStudioVersion = 17.1.32210.238
MinimumVisualStudioVersion = 10.0.40219.1
Project("{FAE04EC0-301F-11D3-BF4B-00C04F79EFBC}") = "GYUZZ6_HFT_2021222.Client", "GYUZZ6_HFT_2021222.Client\GYUZZ6_HFT_2021222.Client.csproj", "{68C6AC15-AD16-4290-87CD-8DB1FEA43722}"
EndProject
Project("{FAE04EC0-301F-11D3-BF4B-00C04F79EFBC}") = "GYUZZ6_HFT_2021222.Models", "GYUZZ6_HFT_2021222.Models\GYUZZ6_HFT_2021222.Models.csproj", "{76D5DAC5-66EB-4045-AADE-CA311972CE29}"
EndProject
Project("{FAE04EC0-301F-11D3-BF4B-00C04F79EFBC}") = "GYUZZ6_HFT_2021222.Logic", "GYUZZ6_HFT_2021222.Logic\GYUZZ6_HFT_2021222.Logic.csproj", "{C4602442-8099-45D4-B2BE-1FB59265130E}"
EndProject
Project("{FAE04EC0-301F-11D3-BF4B-00C04F79EFBC}") = "GYUZZ6_HFT_2021222.Repository", "GYUZZ6_HFT_2021222.Repository\GYUZZ6_HFT_2021222.Repository.csproj", "{F1D0AE7D-D36E-472C-8CC2-504314D01E79}"
EndProject
Project("{FAE04EC0-301F-11D3-BF4B-00C04F79EFBC}") = "GYUZZ6_HFT_2021222.Endpoint", "GYUZZ6_HFT_2021222.Endpoint\GYUZZ6_HFT_2021222.Endpoint.csproj", "{3E27198B-3979-4580-ACB4-D2086B8ACDB6}"
EndProject
Project("{FAE04EC0-301F-11D3-BF4B-00C04F79EFBC}") = "GYUZZ6_HFT_2021222.Test", "GYUZZ6_HFT_2021222.Test\GYUZZ6_HFT_2021222.Test.csproj", "{D22D7ADE-1B54-4F69-B4CE-A22F3A68F1F9}"
EndProject
Project("{2150E333-8FDC-42A3-9474-1A3956D46DE8}") = "Backend", "Backend", "{0853E3B2-699F-45F8-BCC2-1932FFFBD2D9}"
EndProject
Project("{2150E333-8FDC-42A3-9474-1A3956D46DE8}") = "Frontend", "Frontend", "{2C5E94BC-1E5C-4672-B634-901F97F19CD4}"
EndProject
Project("{2150E333-8FDC-42A3-9474-1A3956D46DE8}") = "Shared", "Shared", "{691B148B-75D7-4592-87B8-C15994B4B6C3}"
EndProject
Global
	GlobalSection(SolutionConfigurationPlatforms) = preSolution
		Debug|Any CPU = Debug|Any CPU
		Release|Any CPU = Release|Any CPU
	EndGlobalSection
	GlobalSection(ProjectConfigurationPlatforms) = postSolution
		{68C6AC15-AD16-4290-87CD-8DB1FEA43722}.Debug|Any CPU.ActiveCfg = Debug|Any CPU
		{68C6AC15-AD16-4290-87CD-8DB1FEA43722}.Debug|Any CPU.Build.0 = Debug|Any CPU
		{68C6AC15-AD16-4290-87CD-8DB1FEA43722}.Release|Any CPU.ActiveCfg = Release|Any CPU
		{68C6AC15-AD16-4290-87CD-8DB1FEA43722}.Release|Any CPU.Build.0 = Release|Any CPU
		{76D5DAC5-66EB-4045-AADE-CA311972CE29}.Debug|Any CPU.ActiveCfg = Debug|Any CPU
		{76D5DAC5-66EB-4045-AADE-CA311972CE29}.Debug|Any CPU.Build.0 = Debug|Any CPU
		{76D5DAC5-66EB-4045-AADE-CA311972CE29}.Release|Any CPU.ActiveCfg = Release|Any CPU
		{76D5DAC5-66EB-4045-AADE-CA311972CE29}.Release|Any CPU.Build.0 = Release|Any CPU
		{C4602442-8099-45D4-B2BE-1FB59265130E}.Debug|Any CPU.ActiveCfg = Debug|Any CPU
		{C4602442-8099-45D4-B2BE-1FB59265130E}.Debug|Any CPU.Build.0 = Debug|Any CPU
		{C4602442-8099-45D4-B2BE-1FB59265130E}.Release|Any CPU.ActiveCfg = Release|Any CPU
		{C4602442-8099-45D4-B2BE-1FB59265130E}.Release|Any CPU.Build.0 = Release|Any CPU
		{F1D0AE7D-D36E-472C-8CC2-504314D01E79}.Debug|Any CPU.ActiveCfg = Debug|Any CPU
		{F1D0AE7D-D36E-472C-8CC2-504314D01E79}.Debug|Any CPU.Build.0 = Debug|Any CPU
		{F1D0AE7D-D36E-472C-8CC2-504314D01E79}.Release|Any CPU.ActiveCfg = Release|Any CPU
		{F1D0AE7D-D36E-472C-8CC2-504314D01E79}.Release|Any CPU.Build.0 = Release|Any CPU
		{3E27198B-3979-4580-ACB4-D2086B8ACDB6}.Debug|Any CPU.ActiveCfg = Debug|Any CPU
		{3E27198B-3979-4580-ACB4-D2086B8ACDB6}.Debug|Any CPU.Build.0 = Debug|Any CPU
		{3E27198B-3979-4580-ACB4-D2086B8ACDB6}.Release|Any CPU.ActiveCfg = Release|Any CPU
		{3E27198B-3979-4580-ACB4-D2086B8ACDB6}.Release|Any CPU.Build.0 = Release|Any CPU
		{D22D7ADE-1B54-4F69-B4CE-A22F3A68F1F9}.Debug|Any CPU.ActiveCfg = Debug|Any CPU
		{D22D7ADE-1B54-4F69-B4CE-A22F3A68F1F9}.Debug|Any CPU.Build.0 = Debug|Any CPU
		{D22D7ADE-1B54-4F69-B4CE-A22F3A68F1F9}.Release|Any CPU.ActiveCfg = Release|Any CPU
		{D22D7ADE-1B54-4F69-B4CE-A22F3A68F1F9}.Release|Any CPU.Build.0 = Release|Any CPU
	EndGlobalSection
	GlobalSection(SolutionProperties) = preSolution
		HideSolutionNode = FALSE
	EndGlobalSection
	GlobalSection(NestedProjects) = preSolution
		{68C6AC15-AD16-4290-87CD-8DB1FEA43722} = {2C5E94BC-1E5C-4672-B634-901F97F19CD4}
		{76D5DAC5-66EB-4045-AADE-CA311972CE29} = {691B148B-75D7-4592-87B8-C15994B4B6C3}
		{C4602442-8099-45D4-B2BE-1FB59265130E} = {0853E3B2-699F-45F8-BCC2-1932FFFBD2D9}
		{F1D0AE7D-D36E-472C-8CC2-504314D01E79} = {0853E3B2-699F-45F8-BCC2-1932FFFBD2D9}
		{3E27198B-3979-4580-ACB4-D2086B8ACDB6} = {0853E3B2-699F-45F8-BCC2-1932FFFBD2D9}
		{D22D7ADE-1B54-4F69-B4CE-A22F3A68F1F9} = {0853E3B2-699F-45F8-BCC2-1932FFFBD2D9}
	EndGlobalSection
	GlobalSection(ExtensibilityGlobals) = postSolution
		SolutionGuid = {2AE79F16-EBC3-4662-819E-292F4EBBE237}
	EndGlobalSection
EndGlobal
