
Microsoft Visual Studio Solution File, Format Version 12.00
# Visual Studio Version 17
VisualStudioVersion = 17.1.32210.238
MinimumVisualStudioVersion = 10.0.40219.1
Project("{9A19103F-16F7-4668-BE54-9A1E7A4F7556}") = "GYUZZ6_HFT_2021222.Client", "GYUZZ6_HFT_2021222.Client\GYUZZ6_HFT_2021222.Client.csproj", "{68C6AC15-AD16-4290-87CD-8DB1FEA43722}"
EndProject
Project("{9A19103F-16F7-4668-BE54-9A1E7A4F7556}") = "GYUZZ6_HFT_2021222.Models", "GYUZZ6_HFT_2021222.Models\GYUZZ6_HFT_2021222.Models.csproj", "{76D5DAC5-66EB-4045-AADE-CA311972CE29}"
EndProject
Project("{9A19103F-16F7-4668-BE54-9A1E7A4F7556}") = "GYUZZ6_HFT_2021222.Logic", "GYUZZ6_HFT_2021222.Logic\GYUZZ6_HFT_2021222.Logic.csproj", "{C4602442-8099-45D4-B2BE-1FB59265130E}"
EndProject
Project("{9A19103F-16F7-4668-BE54-9A1E7A4F7556}") = "GYUZZ6_HFT_2021222.Repository", "GYUZZ6_HFT_2021222.Repository\GYUZZ6_HFT_2021222.Repository.csproj", "{F1D0AE7D-D36E-472C-8CC2-504314D01E79}"
EndProject
Project("{9A19103F-16F7-4668-BE54-9A1E7A4F7556}") = "GYUZZ6_HFT_2021222.Test", "GYUZZ6_HFT_2021222.Test\GYUZZ6_HFT_2021222.Test.csproj", "{D22D7ADE-1B54-4F69-B4CE-A22F3A68F1F9}"
EndProject
Project("{2150E333-8FDC-42A3-9474-1A3956D46DE8}") = "Backend", "Backend", "{0853E3B2-699F-45F8-BCC2-1932FFFBD2D9}"
EndProject
Project("{2150E333-8FDC-42A3-9474-1A3956D46DE8}") = "Frontend", "Frontend", "{2C5E94BC-1E5C-4672-B634-901F97F19CD4}"
EndProject
Project("{2150E333-8FDC-42A3-9474-1A3956D46DE8}") = "Shared", "Shared", "{691B148B-75D7-4592-87B8-C15994B4B6C3}"
EndProject
Project("{2150E333-8FDC-42A3-9474-1A3956D46DE8}") = "Others", "Others", "{CA440C1C-40D3-4B37-BA0F-CF8DE3E7A588}"
	ProjectSection(SolutionItems) = preProject
		.gitignore = .gitignore
	EndProjectSection
EndProject
Project("{9A19103F-16F7-4668-BE54-9A1E7A4F7556}") = "GYUZZ6_HFT_2021222.EndPoint", "GYUZZ6_HFT_2021222.EndPoint\GYUZZ6_HFT_2021222.EndPoint.csproj", "{74D9C359-41E2-4DFC-9234-C399F0528F11}"
EndProject
Project("{FAE04EC0-301F-11D3-BF4B-00C04F79EFBC}") = "GYUZZ6_GUI_2022231.WpfClient", "GYUZZ6_GUI_2022231.WpfClient\GYUZZ6_GUI_2022231.WpfClient.csproj", "{E6237EA8-C82A-45B4-B6C7-B14CBBDD29DD}"
EndProject
Global
	GlobalSection(SolutionConfigurationPlatforms) = preSolution
		Debug|Any CPU = Debug|Any CPU
		Release|Any CPU = Release|Any CPU
	EndGlobalSection
	GlobalSection(ProjectConfigurationPlatforms) = postSolution
		{68C6AC15-AD16-4290-87CD-8DB1FEA43722}.Debug|Any CPU.ActiveCfg = Debug|Any CPU
		{68C6AC15-AD16-4290-87CD-8DB1FEA43722}.Debug|Any CPU.Build.0 = Debug|Any CPU
		{68C6AC15-AD16-4290-87CD-8DB1FEA43722}.Release|Any CPU.ActiveCfg = Release|Any CPU
		{68C6AC15-AD16-4290-87CD-8DB1FEA43722}.Release|Any CPU.Build.0 = Release|Any CPU
		{76D5DAC5-66EB-4045-AADE-CA311972CE29}.Debug|Any CPU.ActiveCfg = Debug|Any CPU
		{76D5DAC5-66EB-4045-AADE-CA311972CE29}.Debug|Any CPU.Build.0 = Debug|Any CPU
		{76D5DAC5-66EB-4045-AADE-CA311972CE29}.Release|Any CPU.ActiveCfg = Release|Any CPU
		{76D5DAC5-66EB-4045-AADE-CA311972CE29}.Release|Any CPU.Build.0 = Release|Any CPU
		{C4602442-8099-45D4-B2BE-1FB59265130E}.Debug|Any CPU.ActiveCfg = Debug|Any CPU
		{C4602442-8099-45D4-B2BE-1FB59265130E}.Debug|Any CPU.Build.0 = Debug|Any CPU
		{C4602442-8099-45D4-B2BE-1FB59265130E}.Release|Any CPU.ActiveCfg = Release|Any CPU
		{C4602442-8099-45D4-B2BE-1FB59265130E}.Release|Any CPU.Build.0 = Release|Any CPU
		{F1D0AE7D-D36E-472C-8CC2-504314D01E79}.Debug|Any CPU.ActiveCfg = Debug|Any CPU
		{F1D0AE7D-D36E-472C-8CC2-504314D01E79}.Debug|Any CPU.Build.0 = Debug|Any CPU
		{F1D0AE7D-D36E-472C-8CC2-504314D01E79}.Release|Any CPU.ActiveCfg = Release|Any CPU
		{F1D0AE7D-D36E-472C-8CC2-504314D01E79}.Release|Any CPU.Build.0 = Release|Any CPU
		{D22D7ADE-1B54-4F69-B4CE-A22F3A68F1F9}.Debug|Any CPU.ActiveCfg = Debug|Any CPU
		{D22D7ADE-1B54-4F69-B4CE-A22F3A68F1F9}.Debug|Any CPU.Build.0 = Debug|Any CPU
		{D22D7ADE-1B54-4F69-B4CE-A22F3A68F1F9}.Release|Any CPU.ActiveCfg = Release|Any CPU
		{D22D7ADE-1B54-4F69-B4CE-A22F3A68F1F9}.Release|Any CPU.Build.0 = Release|Any CPU
		{74D9C359-41E2-4DFC-9234-C399F0528F11}.Debug|Any CPU.ActiveCfg = Debug|Any CPU
		{74D9C359-41E2-4DFC-9234-C399F0528F11}.Debug|Any CPU.Build.0 = Debug|Any CPU
		{74D9C359-41E2-4DFC-9234-C399F0528F11}.Release|Any CPU.ActiveCfg = Release|Any CPU
		{74D9C359-41E2-4DFC-9234-C399F0528F11}.Release|Any CPU.Build.0 = Release|Any CPU
		{E6237EA8-C82A-45B4-B6C7-B14CBBDD29DD}.Debug|Any CPU.ActiveCfg = Debug|Any CPU
		{E6237EA8-C82A-45B4-B6C7-B14CBBDD29DD}.Debug|Any CPU.Build.0 = Debug|Any CPU
		{E6237EA8-C82A-45B4-B6C7-B14CBBDD29DD}.Release|Any CPU.ActiveCfg = Release|Any CPU
		{E6237EA8-C82A-45B4-B6C7-B14CBBDD29DD}.Release|Any CPU.Build.0 = Release|Any CPU
	EndGlobalSection
	GlobalSection(SolutionProperties) = preSolution
		HideSolutionNode = FALSE
	EndGlobalSection
	GlobalSection(NestedProjects) = preSolution
		{68C6AC15-AD16-4290-87CD-8DB1FEA43722} = {2C5E94BC-1E5C-4672-B634-901F97F19CD4}
		{76D5DAC5-66EB-4045-AADE-CA311972CE29} = {691B148B-75D7-4592-87B8-C15994B4B6C3}
		{C4602442-8099-45D4-B2BE-1FB59265130E} = {0853E3B2-699F-45F8-BCC2-1932FFFBD2D9}
		{F1D0AE7D-D36E-472C-8CC2-504314D01E79} = {0853E3B2-699F-45F8-BCC2-1932FFFBD2D9}
		{D22D7ADE-1B54-4F69-B4CE-A22F3A68F1F9} = {0853E3B2-699F-45F8-BCC2-1932FFFBD2D9}
		{74D9C359-41E2-4DFC-9234-C399F0528F11} = {0853E3B2-699F-45F8-BCC2-1932FFFBD2D9}
	EndGlobalSection
	GlobalSection(ExtensibilityGlobals) = postSolution
		SolutionGuid = {2AE79F16-EBC3-4662-819E-292F4EBBE237}
	EndGlobalSection
EndGlobal
